
Microsoft Visual Studio Solution File, Format Version 12.00
# Visual Studio Version 16
VisualStudioVersion = 16.0.29613.14
MinimumVisualStudioVersion = 10.0.40219.1
Project("{8BC9CEB8-8B4A-11D0-8D11-00A0C91BC942}") = "jhs_20201517_chap15", "jhs_20201517_chap15.vcxproj", "{BE9BC909-BE3D-4AD8-8C4D-F31A2D6499D4}"
EndProject
Global
	GlobalSection(SolutionConfigurationPlatforms) = preSolution
		Debug|x64 = Debug|x64
		Debug|x86 = Debug|x86
		Release|x64 = Release|x64
		Release|x86 = Release|x86
	EndGlobalSection
	GlobalSection(ProjectConfigurationPlatforms) = postSolution
		{BE9BC909-BE3D-4AD8-8C4D-F31A2D6499D4}.Debug|x64.ActiveCfg = Debug|x64
		{BE9BC909-BE3D-4AD8-8C4D-F31A2D6499D4}.Debug|x64.Build.0 = Debug|x64
		{BE9BC909-BE3D-4AD8-8C4D-F31A2D6499D4}.Debug|x86.ActiveCfg = Debug|Win32
		{BE9BC909-BE3D-4AD8-8C4D-F31A2D6499D4}.Debug|x86.Build.0 = Debug|Win32
		{BE9BC909-BE3D-4AD8-8C4D-F31A2D6499D4}.Release|x64.ActiveCfg = Release|x64
		{BE9BC909-BE3D-4AD8-8C4D-F31A2D6499D4}.Release|x64.Build.0 = Release|x64
		{BE9BC909-BE3D-4AD8-8C4D-F31A2D6499D4}.Release|x86.ActiveCfg = Release|Win32
		{BE9BC909-BE3D-4AD8-8C4D-F31A2D6499D4}.Release|x86.Build.0 = Release|Win32
	EndGlobalSection
	GlobalSection(SolutionProperties) = preSolution
		HideSolutionNode = FALSE
	EndGlobalSection
	GlobalSection(ExtensibilityGlobals) = postSolution
		SolutionGuid = {49B19AF8-DB95-44E1-8DE6-36717F653B61}
	EndGlobalSection
EndGlobal
