
Microsoft Visual Studio Solution File, Format Version 12.00
# Visual Studio Version 16
VisualStudioVersion = 16.0.30104.148
MinimumVisualStudioVersion = 10.0.40219.1
Project("{8BC9CEB8-8B4A-11D0-8D11-00A0C91BC942}") = "ksa_example18", "ksa_example18.vcxproj", "{62C2B690-4AD4-412B-AD1F-7F4DB8C4A973}"
EndProject
Global
	GlobalSection(SolutionConfigurationPlatforms) = preSolution
		Debug|x64 = Debug|x64
		Debug|x86 = Debug|x86
		Release|x64 = Release|x64
		Release|x86 = Release|x86
	EndGlobalSection
	GlobalSection(ProjectConfigurationPlatforms) = postSolution
		{62C2B690-4AD4-412B-AD1F-7F4DB8C4A973}.Debug|x64.ActiveCfg = Debug|x64
		{62C2B690-4AD4-412B-AD1F-7F4DB8C4A973}.Debug|x64.Build.0 = Debug|x64
		{62C2B690-4AD4-412B-AD1F-7F4DB8C4A973}.Debug|x86.ActiveCfg = Debug|Win32
		{62C2B690-4AD4-412B-AD1F-7F4DB8C4A973}.Debug|x86.Build.0 = Debug|Win32
		{62C2B690-4AD4-412B-AD1F-7F4DB8C4A973}.Release|x64.ActiveCfg = Release|x64
		{62C2B690-4AD4-412B-AD1F-7F4DB8C4A973}.Release|x64.Build.0 = Release|x64
		{62C2B690-4AD4-412B-AD1F-7F4DB8C4A973}.Release|x86.ActiveCfg = Release|Win32
		{62C2B690-4AD4-412B-AD1F-7F4DB8C4A973}.Release|x86.Build.0 = Release|Win32
	EndGlobalSection
	GlobalSection(SolutionProperties) = preSolution
		HideSolutionNode = FALSE
	EndGlobalSection
	GlobalSection(ExtensibilityGlobals) = postSolution
		SolutionGuid = {F5E2759E-5ECA-4598-9333-E6FDA62A501E}
	EndGlobalSection
EndGlobal
